# Generated by `harnessctl lock`. Do not edit by hand.
lockfileVersion: 2
generated_at: '2026-07-21T03:00:00Z'
registry_snapshot: snapshot@a91f3c0e
resolved_for: ticket-triage
plugins:
  servicenow-connector:
    range: ^2.4.0
    resolved: 2.5.0
    trust_tier: certified
    digest: sha256:0dc010820f90d915190a4f565d1e4a61368f435c3dd705d6499cec95ca4e444f
  knowledge-search:
    range: ^5.2.0
    resolved: 5.3.0
    trust_tier: core
    digest: sha256:2a708a2a0dd31c7a6c3461a7ed0521e52e09457a7724d91283cb8c17ac5692e6
  pii-redactor:
    range: ^2.0.0
    resolved: 2.1.0
    trust_tier: core
    digest: sha256:6a92acec318f3ebc4964b9d655ff535dd47bfc08068468cc5e51d551547e6b4f
