# Generated by `harnessctl lock`. Do not edit by hand.
lockfileVersion: 2
generated_at: '2026-07-21T03:00:00Z'
registry_snapshot: snapshot@a91f3c0e
resolved_for: code-review-assistant
plugins:
  repo-context:
    range: ^2.3.0
    resolved: 2.4.0
    trust_tier: certified
    digest: sha256:1498f152853a4e9753684789e409fbc8349543cedd127bca24386cd798f8935e
  test-runner:
    range: ^1.5.0
    resolved: 1.6.2
    trust_tier: core
    digest: sha256:ddcb5d2c7ffd803af995ef5fadaa59c0dfb66f8405fcb3749f9dc9e0b1e5f3ce
