# Generated by `harnessctl lock`. Do not edit by hand.
lockfileVersion: 2
generated_at: '2026-07-21T03:00:00Z'
registry_snapshot: snapshot@a91f3c0e
resolved_for: document-segmentation
plugins:
  document-parser:
    range: ^3.2.0
    resolved: 3.4.1
    trust_tier: core
    digest: sha256:8c5de03bf48b1045567f1c1e80832870a5d801804d95a9a084968005a2e4b873
