# Generated by `harnessctl lock`. Do not edit by hand.
lockfileVersion: 2
generated_at: '2026-07-21T03:00:00Z'
registry_snapshot: snapshot@a91f3c0e
resolved_for: citation-grounding
plugins:
  citation-formatter:
    range: ^1.2.0
    resolved: 1.2.0
    trust_tier: certified
    digest: sha256:e94afdbcc948030fff95fe76c4caeea5bd8a9434ce89c2f9b8abcf29a7f44d9d
