# Generated by `harnessctl lock`. Do not edit by hand.
# Resolves every declared range against the registry snapshot so a run today and
# a run in six months are the same run. Regenerated by an automated MR when a
# dependency publishes a compatible release; a maintainer approves the MR.
lockfileVersion: 2
generated_at: "2026-07-19T03:12:04Z"
registry_snapshot: "snapshot@a91f3c0e"
resolved_for: "contract-review@2.3.1"

plugins:
  document-parser:
    range: "^3.2.0"
    resolved: "3.4.1"
    digest: "sha256:b71e0c9a4d2f8365ac1e07f95b3d2846cf0917aa5e6b12d3489cfe20a7d54c93"
    trust_tier: core
    sbom: "https://gitlab.acme.internal/plugins/document-parser/-/releases/v3.4.1/sbom.cdx.json"
  legal-playbook-search:
    range: "^1.6.0"
    resolved: "1.6.3"
    digest: "sha256:2c5a9e1b840d3f76ba0e5d41c9827f3b6ad04e19cc7f5b208a3e6d194f0b72ce"
    trust_tier: certified
    sbom: "https://gitlab.acme.internal/plugins/legal-playbook-search/-/releases/v1.6.3/sbom.cdx.json"
  pii-redactor:
    range: "^2.0.0"
    resolved: "2.1.0"
    digest: "sha256:e4907b3d15c8af62d0b391e75fa2c8460d3719be5ca0f8317d94b2e6035ac1df"
    trust_tier: core
    sbom: "https://gitlab.acme.internal/plugins/pii-redactor/-/releases/v2.1.0/sbom.cdx.json"
  matter-management:
    range: "^4.1.0"
    resolved: "4.3.0"
    digest: "sha256:70a5c1e93bd28f6041ca7e35b9d0182fce463a70d5b81992ae0c7f34d16b285a"
    trust_tier: certified
    optional: true

harnesses:
  document-segmentation:
    range: "^4.0.0"
    resolved: "4.1.2"
    project: "ai-platform/harnesses/shared/document-segmentation"
    commit: "3b90ac71f5e2d8460c1a97fe35b2d0847ca619ef"
    manifest_digest: "sha256:5f83a2c910bd47e6f01c8b73a92de4157cb08d61e39f7a2450bd6c1e78034fa9"
  citation-grounding:
    range: "^2.2.0"
    resolved: "2.2.4"
    project: "ai-platform/harnesses/shared/citation-grounding"
    commit: "cd41f0a836b95e27d1408fa62b7c95031ed7ab48"
    manifest_digest: "sha256:a1c7e4093f6b28d5107ae3c94bf0d6821539ce7a0bd4f2681c95a03e7db4162f"

models:
  claude-sonnet-5:
    gateway_build: "gw-2026.07.02-b41"
    # Recorded, not pinned: the gateway controls model builds. A build change is
    # a known cause of evaluation drift, so every eval report carries it.
  internal-embed-v3:
    index: "legal-playbook-v7"
    index_built: "2026-07-01"

datasets:
  golden-contracts:
    version: "v4"
    checksum: "sha256:9f2c1ab63d4e58c07b21f4ea5d3c9871ee40b6a2c5f83d19be7a04cc21f6d5e8"
  adversarial-contracts:
    version: "v2"
    checksum: "sha256:4d81b0f37c6ea2951d0e88b7fa3c62419de5087bb3a1f4c69e02d7a5c8143b7f"
